
Microsoft Visual Studio Solution File, Format Version 12.00
# Visual Studio 15
VisualStudioVersion = 15.0.28307.1585
MinimumVisualStudioVersion = 10.0.40219.1
Project("{FAE04EC0-301F-11D3-BF4B-00C04F79EFBC}") = "Position", "Position\Position.csproj", "{22F25458-0FDA-45FB-B70C-8718710FCE9D}"
EndProject
Project("{FAE04EC0-301F-11D3-BF4B-00C04F79EFBC}") = "Balances", "Balances\Balances.csproj", "{28B9A5D3-98C2-4D3A-BB2B-AA14A15A7376}"
EndProject
Global
	GlobalSection(SolutionConfigurationPlatforms) = preSolution
		Debug|Any CPU = Debug|Any CPU
		Release|Any CPU = Release|Any CPU
	EndGlobalSection
	GlobalSection(ProjectConfigurationPlatforms) = postSolution
		{22F25458-0FDA-45FB-B70C-8718710FCE9D}.Debug|Any CPU.ActiveCfg = Debug|Any CPU
		{22F25458-0FDA-45FB-B70C-8718710FCE9D}.Debug|Any CPU.Build.0 = Debug|Any CPU
		{22F25458-0FDA-45FB-B70C-8718710FCE9D}.Release|Any CPU.ActiveCfg = Release|Any CPU
		{22F25458-0FDA-45FB-B70C-8718710FCE9D}.Release|Any CPU.Build.0 = Release|Any CPU
		{28B9A5D3-98C2-4D3A-BB2B-AA14A15A7376}.Debug|Any CPU.ActiveCfg = Debug|Any CPU
		{28B9A5D3-98C2-4D3A-BB2B-AA14A15A7376}.Debug|Any CPU.Build.0 = Debug|Any CPU
		{28B9A5D3-98C2-4D3A-BB2B-AA14A15A7376}.Release|Any CPU.ActiveCfg = Release|Any CPU
		{28B9A5D3-98C2-4D3A-BB2B-AA14A15A7376}.Release|Any CPU.Build.0 = Release|Any CPU
	EndGlobalSection
	GlobalSection(SolutionProperties) = preSolution
		HideSolutionNode = FALSE
	EndGlobalSection
	GlobalSection(ExtensibilityGlobals) = postSolution
		SolutionGuid = {9CC14319-BDB2-4BF2-9B2D-545A6F5BA56B}
	EndGlobalSection
EndGlobal
